
Microsoft Visual Studio Solution File, Format Version 12.00
# Visual Studio 14
VisualStudioVersion = 14.0.23107.0
MinimumVisualStudioVersion = 10.0.40219.1
Project("{FAE04EC0-301F-11D3-BF4B-00C04F79EFBC}") = "CSharpInterceptors", "CSharpInterceptors\CSharpInterceptors.csproj", "{2169DEBB-9D93-4E3E-BEA7-5C0B260AED9A}"
	ProjectSection(ProjectDependencies) = postProject
		{141BECED-1840-4D32-AB01-164683CC1784} = {141BECED-1840-4D32-AB01-164683CC1784}
	EndProjectSection
EndProject
Project("{FAE04EC0-301F-11D3-BF4B-00C04F79EFBC}") = "InterceptorsTests", "InterceptorsTests\InterceptorsTests.csproj", "{49972C83-2F63-4316-9ED0-04374AA29565}"
	ProjectSection(ProjectDependencies) = postProject
		{2169DEBB-9D93-4E3E-BEA7-5C0B260AED9A} = {2169DEBB-9D93-4E3E-BEA7-5C0B260AED9A}
	EndProjectSection
EndProject
Project("{FAE04EC0-301F-11D3-BF4B-00C04F79EFBC}") = "ILReaderLibrary", "ILReaderLibrary\ILReaderLibrary.csproj", "{141BECED-1840-4D32-AB01-164683CC1784}"
EndProject
Global
	GlobalSection(SolutionConfigurationPlatforms) = preSolution
		Debug|Any CPU = Debug|Any CPU
		Debug|x86 = Debug|x86
		Release|Any CPU = Release|Any CPU
		Release|x86 = Release|x86
	EndGlobalSection
	GlobalSection(ProjectConfigurationPlatforms) = postSolution
		{2169DEBB-9D93-4E3E-BEA7-5C0B260AED9A}.Debug|Any CPU.ActiveCfg = Debug|Any CPU
		{2169DEBB-9D93-4E3E-BEA7-5C0B260AED9A}.Debug|Any CPU.Build.0 = Debug|Any CPU
		{2169DEBB-9D93-4E3E-BEA7-5C0B260AED9A}.Debug|x86.ActiveCfg = Debug|x86
		{2169DEBB-9D93-4E3E-BEA7-5C0B260AED9A}.Debug|x86.Build.0 = Debug|x86
		{2169DEBB-9D93-4E3E-BEA7-5C0B260AED9A}.Release|Any CPU.ActiveCfg = Release|Any CPU
		{2169DEBB-9D93-4E3E-BEA7-5C0B260AED9A}.Release|Any CPU.Build.0 = Release|Any CPU
		{2169DEBB-9D93-4E3E-BEA7-5C0B260AED9A}.Release|x86.ActiveCfg = Release|x86
		{2169DEBB-9D93-4E3E-BEA7-5C0B260AED9A}.Release|x86.Build.0 = Release|x86
		{49972C83-2F63-4316-9ED0-04374AA29565}.Debug|Any CPU.ActiveCfg = Debug|Any CPU
		{49972C83-2F63-4316-9ED0-04374AA29565}.Debug|Any CPU.Build.0 = Debug|Any CPU
		{49972C83-2F63-4316-9ED0-04374AA29565}.Debug|x86.ActiveCfg = Debug|x86
		{49972C83-2F63-4316-9ED0-04374AA29565}.Debug|x86.Build.0 = Debug|x86
		{49972C83-2F63-4316-9ED0-04374AA29565}.Release|Any CPU.ActiveCfg = Release|Any CPU
		{49972C83-2F63-4316-9ED0-04374AA29565}.Release|Any CPU.Build.0 = Release|Any CPU
		{49972C83-2F63-4316-9ED0-04374AA29565}.Release|x86.ActiveCfg = Release|x86
		{49972C83-2F63-4316-9ED0-04374AA29565}.Release|x86.Build.0 = Release|x86
		{141BECED-1840-4D32-AB01-164683CC1784}.Debug|Any CPU.ActiveCfg = Debug|Any CPU
		{141BECED-1840-4D32-AB01-164683CC1784}.Debug|Any CPU.Build.0 = Debug|Any CPU
		{141BECED-1840-4D32-AB01-164683CC1784}.Debug|x86.ActiveCfg = Debug|Any CPU
		{141BECED-1840-4D32-AB01-164683CC1784}.Debug|x86.Build.0 = Debug|Any CPU
		{141BECED-1840-4D32-AB01-164683CC1784}.Release|Any CPU.ActiveCfg = Release|Any CPU
		{141BECED-1840-4D32-AB01-164683CC1784}.Release|Any CPU.Build.0 = Release|Any CPU
		{141BECED-1840-4D32-AB01-164683CC1784}.Release|x86.ActiveCfg = Release|Any CPU
		{141BECED-1840-4D32-AB01-164683CC1784}.Release|x86.Build.0 = Release|Any CPU
	EndGlobalSection
	GlobalSection(SolutionProperties) = preSolution
		HideSolutionNode = FALSE
	EndGlobalSection
EndGlobal
