
Microsoft Visual Studio Solution File, Format Version 12.00
# Visual Studio 14
VisualStudioVersion = 14.0.23107.0
MinimumVisualStudioVersion = 10.0.40219.1
Project("{FAE04EC0-301F-11D3-BF4B-00C04F79EFBC}") = "CSharpInterceptors", "CSharpInterceptors\CSharpInterceptors.csproj", "{2169DEBB-9D93-4E3E-BEA7-5C0B260AED9A}"
EndProject
Project("{FAE04EC0-301F-11D3-BF4B-00C04F79EFBC}") = "InterceptorsTests", "InterceptorsTests\InterceptorsTests.csproj", "{49972C83-2F63-4316-9ED0-04374AA29565}"
	ProjectSection(ProjectDependencies) = postProject
		{2169DEBB-9D93-4E3E-BEA7-5C0B260AED9A} = {2169DEBB-9D93-4E3E-BEA7-5C0B260AED9A}
	EndProjectSection
EndProject
Global
	GlobalSection(SolutionConfigurationPlatforms) = preSolution
		Debug|Any CPU = Debug|Any CPU
		Release|Any CPU = Release|Any CPU
	EndGlobalSection
	GlobalSection(ProjectConfigurationPlatforms) = postSolution
		{2169DEBB-9D93-4E3E-BEA7-5C0B260AED9A}.Debug|Any CPU.ActiveCfg = Debug|Any CPU
		{2169DEBB-9D93-4E3E-BEA7-5C0B260AED9A}.Debug|Any CPU.Build.0 = Debug|Any CPU
		{2169DEBB-9D93-4E3E-BEA7-5C0B260AED9A}.Release|Any CPU.ActiveCfg = Release|Any CPU
		{2169DEBB-9D93-4E3E-BEA7-5C0B260AED9A}.Release|Any CPU.Build.0 = Release|Any CPU
		{49972C83-2F63-4316-9ED0-04374AA29565}.Debug|Any CPU.ActiveCfg = Debug|Any CPU
		{49972C83-2F63-4316-9ED0-04374AA29565}.Debug|Any CPU.Build.0 = Debug|Any CPU
		{49972C83-2F63-4316-9ED0-04374AA29565}.Release|Any CPU.ActiveCfg = Release|Any CPU
		{49972C83-2F63-4316-9ED0-04374AA29565}.Release|Any CPU.Build.0 = Release|Any CPU
	EndGlobalSection
	GlobalSection(SolutionProperties) = preSolution
		HideSolutionNode = FALSE
	EndGlobalSection
EndGlobal
